
Microsoft Visual Studio Solution File, Format Version 12.00
# Visual Studio 15
VisualStudioVersion = 15.0.28307.705
MinimumVisualStudioVersion = 10.0.40219.1
Project("{FAE04EC0-301F-11D3-BF4B-00C04F79EFBC}") = "02-Demo", "02-Demo\02-Demo.csproj", "{5BBEEF03-C16D-4497-9440-F438E8BBB616}"
EndProject
Global
	GlobalSection(SolutionConfigurationPlatforms) = preSolution
		Debug|Any CPU = Debug|Any CPU
		Release|Any CPU = Release|Any CPU
	EndGlobalSection
	GlobalSection(ProjectConfigurationPlatforms) = postSolution
		{5BBEEF03-C16D-4497-9440-F438E8BBB616}.Debug|Any CPU.ActiveCfg = Debug|Any CPU
		{5BBEEF03-C16D-4497-9440-F438E8BBB616}.Debug|Any CPU.Build.0 = Debug|Any CPU
		{5BBEEF03-C16D-4497-9440-F438E8BBB616}.Release|Any CPU.ActiveCfg = Release|Any CPU
		{5BBEEF03-C16D-4497-9440-F438E8BBB616}.Release|Any CPU.Build.0 = Release|Any CPU
	EndGlobalSection
	GlobalSection(SolutionProperties) = preSolution
		HideSolutionNode = FALSE
	EndGlobalSection
	GlobalSection(ExtensibilityGlobals) = postSolution
		SolutionGuid = {1DA4212D-4AFA-47DE-BD03-D7D26C24A034}
	EndGlobalSection
EndGlobal
